PODS:
  - Flutter (1.0.0)
  - tru-sdk-ios (0.2.4)
  - tru_sdk_flutter (0.0.5):
    - Flutter
    - tru-sdk-ios (= 0.2.4)

DEPENDENCIES:
  - Flutter (from `Flutter`)
  - tru_sdk_flutter (from `.symlinks/plugins/tru_sdk_flutter/ios`)

SPEC REPOS:
  trunk:
    - tru-sdk-ios

EXTERNAL SOURCES:
  Flutter:
    :path: Flutter
  tru_sdk_flutter:
    :path: ".symlinks/plugins/tru_sdk_flutter/ios"

SPEC CHECKSUMS:
  Flutter: 434fef37c0980e73bb6479ef766c45957d4b510c
  tru-sdk-ios: e6ed377ab975e707548219bfd96439b09cbc9708
  tru_sdk_flutter: fe3a71f125bb5b3788aff6280d995184c32c695f

PODFILE CHECKSUM: 0dbd5a87e0ace00c9610d2037ac22083a01f861d

COCOAPODS: 1.10.1
