PODS:
  - Flutter (1.0.0)
  - tru-sdk-ios (0.3.0)
  - tru_sdk_flutter (0.1.0):
    - Flutter
    - tru-sdk-ios (= 0.3.0)

DEPENDENCIES:
  - Flutter (from `Flutter`)
  - tru_sdk_flutter (from `.symlinks/plugins/tru_sdk_flutter/ios`)

SPEC REPOS:
  trunk:
    - tru-sdk-ios

EXTERNAL SOURCES:
  Flutter:
    :path: Flutter
  tru_sdk_flutter:
    :path: ".symlinks/plugins/tru_sdk_flutter/ios"

SPEC CHECKSUMS:
  Flutter: 50d75fe2f02b26cc09d224853bb45737f8b3214a
  tru-sdk-ios: d073dee7baab200aa4d282cf623eade8f275e3eb
  tru_sdk_flutter: 27fff44913a9903adbc2fb76aa0b81f29f1e6b61

PODFILE CHECKSUM: 0dbd5a87e0ace00c9610d2037ac22083a01f861d

COCOAPODS: 1.11.2
